<?xml version="1.0" encoding="UTF-8" standalone="yes" ?>
<CodeBlocks_project_file>
	<FileVersion major="1" minor="6" />
	<Project>
		<Option title="109" />
		<Option pch_mode="2" />
		<Option compiler="gcc" />
		<Build>
			<Target title="Debug">
				<Option output="bin/Debug/109" prefix_auto="1" extension_auto="1" />
				<Option object_output="obj/Debug/" />
				<Option type="1" />
				<Option compiler="gcc" />
				<Compiler>
					<Add option="-g" />
					<Add directory="D:/Program Files (x86)/opencv/opencv/build/include" />
					<Add directory="D:/Program Files (x86)/opencv/opencv/build/include/opencv" />
					<Add directory="D:/Program Files (x86)/opencv/opencv/build/include/opencv2" />
				</Compiler>
				<Linker>
					<Add library="D:\Program Files (x86)\opencv\opencv\build\x86\vc11\lib\opencv_ts300.lib" />
					<Add library="D:\Program Files (x86)\opencv\opencv\build\x86\vc11\lib\opencv_ts300d.lib" />
					<Add library="D:\Program Files (x86)\opencv\opencv\build\x86\vc11\lib\opencv_world300.lib" />
					<Add library="D:\Program Files (x86)\opencv\opencv\build\x86\vc11\lib\opencv_world300d.lib" />
					<Add directory="D:/Program Files (x86)/opencv/opencv/build/x86/vc11/lib" />
				</Linker>
			</Target>
			<Target title="Release">
				<Option output="bin/Release/109" prefix_auto="1" extension_auto="1" />
				<Option object_output="obj/Release/" />
				<Option type="1" />
				<Option compiler="gcc" />
				<Compiler>
					<Add option="-O2" />
				</Compiler>
				<Linker>
					<Add option="-s" />
				</Linker>
			</Target>
		</Build>
		<Compiler>
			<Add option="-Wall" />
			<Add option="-fexceptions" />
		</Compiler>
		<Unit filename="main.cpp" />
		<Extensions>
			<code_completion />
			<envvars />
			<debugger />
			<lib_finder disable_auto="1" />
		</Extensions>
	</Project>
</CodeBlocks_project_file>
